
Microsoft Visual Studio Solution File, Format Version 12.00
# Visual Studio Version 17
VisualStudioVersion = 17.3.32929.385
MinimumVisualStudioVersion = 10.0.40219.1
Project("{FAE04EC0-301F-11D3-BF4B-00C04F79EFBC}") = "Calculator.UWP", "Calculator\Calculator.UWP\Calculator.UWP.csproj", "{FEBB3E10-0341-4ED2-837C-38A03F8C5D6D}"
EndProject
Project("{FAE04EC0-301F-11D3-BF4B-00C04F79EFBC}") = "Calculator.Android", "Calculator\Calculator.Android\Calculator.Android.csproj", "{5D38EF27-4633-4DC1-9E58-D5576084657B}"
EndProject
Project("{FAE04EC0-301F-11D3-BF4B-00C04F79EFBC}") = "Calculator.iOS", "Calculator\Calculator.iOS\Calculator.iOS.csproj", "{5E86C025-30A8-4A90-9CA5-B44347ED2B04}"
EndProject
Project("{FAE04EC0-301F-11D3-BF4B-00C04F79EFBC}") = "Calculator", "Calculator\Calculator\Calculator.csproj", "{488DCC3A-89F0-4819-B2DD-1E9EEC7AEB46}"
EndProject
Global
	GlobalSection(SolutionConfigurationPlatforms) = preSolution
		Debug|Any CPU = Debug|Any CPU
		Debug|ARM = Debug|ARM
		Debug|iPhone = Debug|iPhone
		Debug|iPhoneSimulator = Debug|iPhoneSimulator
		Debug|x64 = Debug|x64
		Debug|x86 = Debug|x86
		Release|Any CPU = Release|Any CPU
		Release|ARM = Release|ARM
		Release|iPhone = Release|iPhone
		Release|iPhoneSimulator = Release|iPhoneSimulator
		Release|x64 = Release|x64
		Release|x86 = Release|x86
	EndGlobalSection
	GlobalSection(ProjectConfigurationPlatforms) = postSolution
		{FEBB3E10-0341-4ED2-837C-38A03F8C5D6D}.Debug|Any CPU.ActiveCfg = Debug|x64
		{FEBB3E10-0341-4ED2-837C-38A03F8C5D6D}.Debug|Any CPU.Build.0 = Debug|x64
		{FEBB3E10-0341-4ED2-837C-38A03F8C5D6D}.Debug|Any CPU.Deploy.0 = Debug|x64
		{FEBB3E10-0341-4ED2-837C-38A03F8C5D6D}.Debug|ARM.ActiveCfg = Debug|ARM
		{FEBB3E10-0341-4ED2-837C-38A03F8C5D6D}.Debug|ARM.Build.0 = Debug|ARM
		{FEBB3E10-0341-4ED2-837C-38A03F8C5D6D}.Debug|ARM.Deploy.0 = Debug|ARM
		{FEBB3E10-0341-4ED2-837C-38A03F8C5D6D}.Debug|iPhone.ActiveCfg = Debug|x64
		{FEBB3E10-0341-4ED2-837C-38A03F8C5D6D}.Debug|iPhone.Build.0 = Debug|x64
		{FEBB3E10-0341-4ED2-837C-38A03F8C5D6D}.Debug|iPhone.Deploy.0 = Debug|x64
		{FEBB3E10-0341-4ED2-837C-38A03F8C5D6D}.Debug|iPhoneSimulator.ActiveCfg = Debug|x64
		{FEBB3E10-0341-4ED2-837C-38A03F8C5D6D}.Debug|iPhoneSimulator.Build.0 = Debug|x64
		{FEBB3E10-0341-4ED2-837C-38A03F8C5D6D}.Debug|iPhoneSimulator.Deploy.0 = Debug|x64
		{FEBB3E10-0341-4ED2-837C-38A03F8C5D6D}.Debug|x64.ActiveCfg = Debug|x64
		{FEBB3E10-0341-4ED2-837C-38A03F8C5D6D}.Debug|x64.Build.0 = Debug|x64
		{FEBB3E10-0341-4ED2-837C-38A03F8C5D6D}.Debug|x64.Deploy.0 = Debug|x64
		{FEBB3E10-0341-4ED2-837C-38A03F8C5D6D}.Debug|x86.ActiveCfg = Debug|x86
		{FEBB3E10-0341-4ED2-837C-38A03F8C5D6D}.Debug|x86.Build.0 = Debug|x86
		{FEBB3E10-0341-4ED2-837C-38A03F8C5D6D}.Debug|x86.Deploy.0 = Debug|x86
		{FEBB3E10-0341-4ED2-837C-38A03F8C5D6D}.Release|Any CPU.ActiveCfg = Release|x64
		{FEBB3E10-0341-4ED2-837C-38A03F8C5D6D}.Release|Any CPU.Build.0 = Release|x64
		{FEBB3E10-0341-4ED2-837C-38A03F8C5D6D}.Release|Any CPU.Deploy.0 = Release|x64
		{FEBB3E10-0341-4ED2-837C-38A03F8C5D6D}.Release|ARM.ActiveCfg = Release|ARM
		{FEBB3E10-0341-4ED2-837C-38A03F8C5D6D}.Release|ARM.Build.0 = Release|ARM
		{FEBB3E10-0341-4ED2-837C-38A03F8C5D6D}.Release|ARM.Deploy.0 = Release|ARM
		{FEBB3E10-0341-4ED2-837C-38A03F8C5D6D}.Release|iPhone.ActiveCfg = Release|x64
		{FEBB3E10-0341-4ED2-837C-38A03F8C5D6D}.Release|iPhone.Build.0 = Release|x64
		{FEBB3E10-0341-4ED2-837C-38A03F8C5D6D}.Release|iPhone.Deploy.0 = Release|x64
		{FEBB3E10-0341-4ED2-837C-38A03F8C5D6D}.Release|iPhoneSimulator.ActiveCfg = Release|x64
		{FEBB3E10-0341-4ED2-837C-38A03F8C5D6D}.Release|iPhoneSimulator.Build.0 = Release|x64
		{FEBB3E10-0341-4ED2-837C-38A03F8C5D6D}.Release|iPhoneSimulator.Deploy.0 = Release|x64
		{FEBB3E10-0341-4ED2-837C-38A03F8C5D6D}.Release|x64.ActiveCfg = Release|x64
		{FEBB3E10-0341-4ED2-837C-38A03F8C5D6D}.Release|x64.Build.0 = Release|x64
		{FEBB3E10-0341-4ED2-837C-38A03F8C5D6D}.Release|x64.Deploy.0 = Release|x64
		{FEBB3E10-0341-4ED2-837C-38A03F8C5D6D}.Release|x86.ActiveCfg = Release|x86
		{FEBB3E10-0341-4ED2-837C-38A03F8C5D6D}.Release|x86.Build.0 = Release|x86
		{FEBB3E10-0341-4ED2-837C-38A03F8C5D6D}.Release|x86.Deploy.0 = Release|x86
		{5D38EF27-4633-4DC1-9E58-D5576084657B}.Debug|Any CPU.ActiveCfg = Debug|Any CPU
		{5D38EF27-4633-4DC1-9E58-D5576084657B}.Debug|Any CPU.Build.0 = Debug|Any CPU
		{5D38EF27-4633-4DC1-9E58-D5576084657B}.Debug|Any CPU.Deploy.0 = Debug|Any CPU
		{5D38EF27-4633-4DC1-9E58-D5576084657B}.Debug|ARM.ActiveCfg = Debug|Any CPU
		{5D38EF27-4633-4DC1-9E58-D5576084657B}.Debug|ARM.Build.0 = Debug|Any CPU
		{5D38EF27-4633-4DC1-9E58-D5576084657B}.Debug|ARM.Deploy.0 = Debug|Any CPU
		{5D38EF27-4633-4DC1-9E58-D5576084657B}.Debug|iPhone.ActiveCfg = Debug|Any CPU
		{5D38EF27-4633-4DC1-9E58-D5576084657B}.Debug|iPhone.Build.0 = Debug|Any CPU
		{5D38EF27-4633-4DC1-9E58-D5576084657B}.Debug|iPhone.Deploy.0 = Debug|Any CPU
		{5D38EF27-4633-4DC1-9E58-D5576084657B}.Debug|iPhoneSimulator.ActiveCfg = Debug|Any CPU
		{5D38EF27-4633-4DC1-9E58-D5576084657B}.Debug|iPhoneSimulator.Build.0 = Debug|Any CPU
		{5D38EF27-4633-4DC1-9E58-D5576084657B}.Debug|iPhoneSimulator.Deploy.0 = Debug|Any CPU
		{5D38EF27-4633-4DC1-9E58-D5576084657B}.Debug|x64.ActiveCfg = Debug|Any CPU
		{5D38EF27-4633-4DC1-9E58-D5576084657B}.Debug|x64.Build.0 = Debug|Any CPU
		{5D38EF27-4633-4DC1-9E58-D5576084657B}.Debug|x64.Deploy.0 = Debug|Any CPU
		{5D38EF27-4633-4DC1-9E58-D5576084657B}.Debug|x86.ActiveCfg = Debug|Any CPU
		{5D38EF27-4633-4DC1-9E58-D5576084657B}.Debug|x86.Build.0 = Debug|Any CPU
		{5D38EF27-4633-4DC1-9E58-D5576084657B}.Debug|x86.Deploy.0 = Debug|Any CPU
		{5D38EF27-4633-4DC1-9E58-D5576084657B}.Release|Any CPU.ActiveCfg = Release|Any CPU
		{5D38EF27-4633-4DC1-9E58-D5576084657B}.Release|Any CPU.Build.0 = Release|Any CPU
		{5D38EF27-4633-4DC1-9E58-D5576084657B}.Release|Any CPU.Deploy.0 = Release|Any CPU
		{5D38EF27-4633-4DC1-9E58-D5576084657B}.Release|ARM.ActiveCfg = Release|Any CPU
		{5D38EF27-4633-4DC1-9E58-D5576084657B}.Release|ARM.Build.0 = Release|Any CPU
		{5D38EF27-4633-4DC1-9E58-D5576084657B}.Release|ARM.Deploy.0 = Release|Any CPU
		{5D38EF27-4633-4DC1-9E58-D5576084657B}.Release|iPhone.ActiveCfg = Release|Any CPU
		{5D38EF27-4633-4DC1-9E58-D5576084657B}.Release|iPhone.Build.0 = Release|Any CPU
		{5D38EF27-4633-4DC1-9E58-D5576084657B}.Release|iPhone.Deploy.0 = Release|Any CPU
		{5D38EF27-4633-4DC1-9E58-D5576084657B}.Release|iPhoneSimulator.ActiveCfg = Release|Any CPU
		{5D38EF27-4633-4DC1-9E58-D5576084657B}.Release|iPhoneSimulator.Build.0 = Release|Any CPU
		{5D38EF27-4633-4DC1-9E58-D5576084657B}.Release|iPhoneSimulator.Deploy.0 = Release|Any CPU
		{5D38EF27-4633-4DC1-9E58-D5576084657B}.Release|x64.ActiveCfg = Release|Any CPU
		{5D38EF27-4633-4DC1-9E58-D5576084657B}.Release|x64.Build.0 = Release|Any CPU
		{5D38EF27-4633-4DC1-9E58-D5576084657B}.Release|x64.Deploy.0 = Release|Any CPU
		{5D38EF27-4633-4DC1-9E58-D5576084657B}.Release|x86.ActiveCfg = Release|Any CPU
		{5D38EF27-4633-4DC1-9E58-D5576084657B}.Release|x86.Build.0 = Release|Any CPU
		{5D38EF27-4633-4DC1-9E58-D5576084657B}.Release|x86.Deploy.0 = Release|Any CPU
		{5E86C025-30A8-4A90-9CA5-B44347ED2B04}.Debug|Any CPU.ActiveCfg = Debug|iPhoneSimulator
		{5E86C025-30A8-4A90-9CA5-B44347ED2B04}.Debug|Any CPU.Build.0 = Debug|iPhoneSimulator
		{5E86C025-30A8-4A90-9CA5-B44347ED2B04}.Debug|Any CPU.Deploy.0 = Debug|iPhoneSimulator
		{5E86C025-30A8-4A90-9CA5-B44347ED2B04}.Debug|ARM.ActiveCfg = Debug|iPhoneSimulator
		{5E86C025-30A8-4A90-9CA5-B44347ED2B04}.Debug|ARM.Build.0 = Debug|iPhoneSimulator
		{5E86C025-30A8-4A90-9CA5-B44347ED2B04}.Debug|ARM.Deploy.0 = Debug|iPhoneSimulator
		{5E86C025-30A8-4A90-9CA5-B44347ED2B04}.Debug|iPhone.ActiveCfg = Debug|iPhone
		{5E86C025-30A8-4A90-9CA5-B44347ED2B04}.Debug|iPhone.Build.0 = Debug|iPhone
		{5E86C025-30A8-4A90-9CA5-B44347ED2B04}.Debug|iPhone.Deploy.0 = Debug|iPhone
		{5E86C025-30A8-4A90-9CA5-B44347ED2B04}.Debug|iPhoneSimulator.ActiveCfg = Debug|iPhoneSimulator
		{5E86C025-30A8-4A90-9CA5-B44347ED2B04}.Debug|iPhoneSimulator.Build.0 = Debug|iPhoneSimulator
		{5E86C025-30A8-4A90-9CA5-B44347ED2B04}.Debug|iPhoneSimulator.Deploy.0 = Debug|iPhoneSimulator
		{5E86C025-30A8-4A90-9CA5-B44347ED2B04}.Debug|x64.ActiveCfg = Debug|iPhone
		{5E86C025-30A8-4A90-9CA5-B44347ED2B04}.Debug|x64.Build.0 = Debug|iPhone
		{5E86C025-30A8-4A90-9CA5-B44347ED2B04}.Debug|x64.Deploy.0 = Debug|iPhone
		{5E86C025-30A8-4A90-9CA5-B44347ED2B04}.Debug|x86.ActiveCfg = Debug|iPhoneSimulator
		{5E86C025-30A8-4A90-9CA5-B44347ED2B04}.Debug|x86.Build.0 = Debug|iPhoneSimulator
		{5E86C025-30A8-4A90-9CA5-B44347ED2B04}.Debug|x86.Deploy.0 = Debug|iPhoneSimulator
		{5E86C025-30A8-4A90-9CA5-B44347ED2B04}.Release|Any CPU.ActiveCfg = Release|iPhoneSimulator
		{5E86C025-30A8-4A90-9CA5-B44347ED2B04}.Release|Any CPU.Build.0 = Release|iPhoneSimulator
		{5E86C025-30A8-4A90-9CA5-B44347ED2B04}.Release|Any CPU.Deploy.0 = Release|iPhoneSimulator
		{5E86C025-30A8-4A90-9CA5-B44347ED2B04}.Release|ARM.ActiveCfg = Release|iPhoneSimulator
		{5E86C025-30A8-4A90-9CA5-B44347ED2B04}.Release|ARM.Build.0 = Release|iPhoneSimulator
		{5E86C025-30A8-4A90-9CA5-B44347ED2B04}.Release|ARM.Deploy.0 = Release|iPhoneSimulator
		{5E86C025-30A8-4A90-9CA5-B44347ED2B04}.Release|iPhone.ActiveCfg = Release|iPhone
		{5E86C025-30A8-4A90-9CA5-B44347ED2B04}.Release|iPhone.Build.0 = Release|iPhone
		{5E86C025-30A8-4A90-9CA5-B44347ED2B04}.Release|iPhone.Deploy.0 = Release|iPhone
		{5E86C025-30A8-4A90-9CA5-B44347ED2B04}.Release|iPhoneSimulator.ActiveCfg = Release|iPhoneSimulator
		{5E86C025-30A8-4A90-9CA5-B44347ED2B04}.Release|iPhoneSimulator.Build.0 = Release|iPhoneSimulator
		{5E86C025-30A8-4A90-9CA5-B44347ED2B04}.Release|iPhoneSimulator.Deploy.0 = Release|iPhoneSimulator
		{5E86C025-30A8-4A90-9CA5-B44347ED2B04}.Release|x64.ActiveCfg = Release|iPhoneSimulator
		{5E86C025-30A8-4A90-9CA5-B44347ED2B04}.Release|x64.Build.0 = Release|iPhoneSimulator
		{5E86C025-30A8-4A90-9CA5-B44347ED2B04}.Release|x64.Deploy.0 = Release|iPhoneSimulator
		{5E86C025-30A8-4A90-9CA5-B44347ED2B04}.Release|x86.ActiveCfg = Release|iPhoneSimulator
		{5E86C025-30A8-4A90-9CA5-B44347ED2B04}.Release|x86.Build.0 = Release|iPhoneSimulator
		{5E86C025-30A8-4A90-9CA5-B44347ED2B04}.Release|x86.Deploy.0 = Release|iPhoneSimulator
		{488DCC3A-89F0-4819-B2DD-1E9EEC7AEB46}.Debug|Any CPU.ActiveCfg = Debug|Any CPU
		{488DCC3A-89F0-4819-B2DD-1E9EEC7AEB46}.Debug|Any CPU.Build.0 = Debug|Any CPU
		{488DCC3A-89F0-4819-B2DD-1E9EEC7AEB46}.Debug|Any CPU.Deploy.0 = Debug|Any CPU
		{488DCC3A-89F0-4819-B2DD-1E9EEC7AEB46}.Debug|ARM.ActiveCfg = Debug|Any CPU
		{488DCC3A-89F0-4819-B2DD-1E9EEC7AEB46}.Debug|ARM.Build.0 = Debug|Any CPU
		{488DCC3A-89F0-4819-B2DD-1E9EEC7AEB46}.Debug|ARM.Deploy.0 = Debug|Any CPU
		{488DCC3A-89F0-4819-B2DD-1E9EEC7AEB46}.Debug|iPhone.ActiveCfg = Debug|Any CPU
		{488DCC3A-89F0-4819-B2DD-1E9EEC7AEB46}.Debug|iPhone.Build.0 = Debug|Any CPU
		{488DCC3A-89F0-4819-B2DD-1E9EEC7AEB46}.Debug|iPhone.Deploy.0 = Debug|Any CPU
		{488DCC3A-89F0-4819-B2DD-1E9EEC7AEB46}.Debug|iPhoneSimulator.ActiveCfg = Debug|Any CPU
		{488DCC3A-89F0-4819-B2DD-1E9EEC7AEB46}.Debug|iPhoneSimulator.Build.0 = Debug|Any CPU
		{488DCC3A-89F0-4819-B2DD-1E9EEC7AEB46}.Debug|iPhoneSimulator.Deploy.0 = Debug|Any CPU
		{488DCC3A-89F0-4819-B2DD-1E9EEC7AEB46}.Debug|x64.ActiveCfg = Debug|Any CPU
		{488DCC3A-89F0-4819-B2DD-1E9EEC7AEB46}.Debug|x64.Build.0 = Debug|Any CPU
		{488DCC3A-89F0-4819-B2DD-1E9EEC7AEB46}.Debug|x64.Deploy.0 = Debug|Any CPU
		{488DCC3A-89F0-4819-B2DD-1E9EEC7AEB46}.Debug|x86.ActiveCfg = Debug|Any CPU
		{488DCC3A-89F0-4819-B2DD-1E9EEC7AEB46}.Debug|x86.Build.0 = Debug|Any CPU
		{488DCC3A-89F0-4819-B2DD-1E9EEC7AEB46}.Debug|x86.Deploy.0 = Debug|Any CPU
		{488DCC3A-89F0-4819-B2DD-1E9EEC7AEB46}.Release|Any CPU.ActiveCfg = Release|Any CPU
		{488DCC3A-89F0-4819-B2DD-1E9EEC7AEB46}.Release|Any CPU.Build.0 = Release|Any CPU
		{488DCC3A-89F0-4819-B2DD-1E9EEC7AEB46}.Release|Any CPU.Deploy.0 = Release|Any CPU
		{488DCC3A-89F0-4819-B2DD-1E9EEC7AEB46}.Release|ARM.ActiveCfg = Release|Any CPU
		{488DCC3A-89F0-4819-B2DD-1E9EEC7AEB46}.Release|ARM.Build.0 = Release|Any CPU
		{488DCC3A-89F0-4819-B2DD-1E9EEC7AEB46}.Release|ARM.Deploy.0 = Release|Any CPU
		{488DCC3A-89F0-4819-B2DD-1E9EEC7AEB46}.Release|iPhone.ActiveCfg = Release|Any CPU
		{488DCC3A-89F0-4819-B2DD-1E9EEC7AEB46}.Release|iPhone.Build.0 = Release|Any CPU
		{488DCC3A-89F0-4819-B2DD-1E9EEC7AEB46}.Release|iPhone.Deploy.0 = Release|Any CPU
		{488DCC3A-89F0-4819-B2DD-1E9EEC7AEB46}.Release|iPhoneSimulator.ActiveCfg = Release|Any CPU
		{488DCC3A-89F0-4819-B2DD-1E9EEC7AEB46}.Release|iPhoneSimulator.Build.0 = Release|Any CPU
		{488DCC3A-89F0-4819-B2DD-1E9EEC7AEB46}.Release|iPhoneSimulator.Deploy.0 = Release|Any CPU
		{488DCC3A-89F0-4819-B2DD-1E9EEC7AEB46}.Release|x64.ActiveCfg = Release|Any CPU
		{488DCC3A-89F0-4819-B2DD-1E9EEC7AEB46}.Release|x64.Build.0 = Release|Any CPU
		{488DCC3A-89F0-4819-B2DD-1E9EEC7AEB46}.Release|x64.Deploy.0 = Release|Any CPU
		{488DCC3A-89F0-4819-B2DD-1E9EEC7AEB46}.Release|x86.ActiveCfg = Release|Any CPU
		{488DCC3A-89F0-4819-B2DD-1E9EEC7AEB46}.Release|x86.Build.0 = Release|Any CPU
		{488DCC3A-89F0-4819-B2DD-1E9EEC7AEB46}.Release|x86.Deploy.0 = Release|Any CPU
	EndGlobalSection
	GlobalSection(SolutionProperties) = preSolution
		HideSolutionNode = FALSE
	EndGlobalSection
	GlobalSection(ExtensibilityGlobals) = postSolution
		SolutionGuid = {E43A1FD3-3C02-4C72-ABC5-F6812E99EC8C}
	EndGlobalSection
EndGlobal
